
Microsoft Visual Studio Solution File, Format Version 12.00
# Visual Studio 15
VisualStudioVersion = 15.0.28307.271
MinimumVisualStudioVersion = 10.0.40219.1
Project("{FAE04EC0-301F-11D3-BF4B-00C04F79EFBC}") = "GenerateTags", "GenerateTags\GenerateTags.csproj", "{710905F0-866D-4D6F-98B4-D477F26225DF}"
EndProject
Global
	GlobalSection(SolutionConfigurationPlatforms) = preSolution
		Debug|Any CPU = Debug|Any CPU
		Release|Any CPU = Release|Any CPU
	EndGlobalSection
	GlobalSection(ProjectConfigurationPlatforms) = postSolution
		{710905F0-866D-4D6F-98B4-D477F26225DF}.Debug|Any CPU.ActiveCfg = Debug|Any CPU
		{710905F0-866D-4D6F-98B4-D477F26225DF}.Debug|Any CPU.Build.0 = Debug|Any CPU
		{710905F0-866D-4D6F-98B4-D477F26225DF}.Release|Any CPU.ActiveCfg = Release|Any CPU
		{710905F0-866D-4D6F-98B4-D477F26225DF}.Release|Any CPU.Build.0 = Release|Any CPU
	EndGlobalSection
	GlobalSection(SolutionProperties) = preSolution
		HideSolutionNode = FALSE
	EndGlobalSection
	GlobalSection(ExtensibilityGlobals) = postSolution
		SolutionGuid = {780B932F-0339-4002-AB44-6A29E3117848}
	EndGlobalSection
EndGlobal
